
Microsoft Visual Studio Solution File, Format Version 12.00
# Visual Studio 15
VisualStudioVersion = 15.0.26730.16
MinimumVisualStudioVersion = 10.0.40219.1
Project("{9A19103F-16F7-4668-BE54-9A1E7A4F7556}") = "MovieReviews", "MovieReviews\MovieReviews.csproj", "{A6EF5C37-91CC-4A5D-B14F-12727E43A4AA}"
EndProject
Project("{9A19103F-16F7-4668-BE54-9A1E7A4F7556}") = "EntityCoreTutorial", "EntityCoreTutorial\EntityCoreTutorial.csproj", "{83FA3CAD-3673-44BE-A8E1-8C1A68907D17}"
EndProject
Project("{9A19103F-16F7-4668-BE54-9A1E7A4F7556}") = "ScoreKeeperWithAuth", "ScoreKeeperWithAuth\ScoreKeeperWithAuth.csproj", "{C94A3341-A157-46C0-A0F1-0B4E77E76627}"
EndProject
Global
	GlobalSection(SolutionConfigurationPlatforms) = preSolution
		Debug|Any CPU = Debug|Any CPU
		Release|Any CPU = Release|Any CPU
	EndGlobalSection
	GlobalSection(ProjectConfigurationPlatforms) = postSolution
		{A6EF5C37-91CC-4A5D-B14F-12727E43A4AA}.Debug|Any CPU.ActiveCfg = Debug|Any CPU
		{A6EF5C37-91CC-4A5D-B14F-12727E43A4AA}.Debug|Any CPU.Build.0 = Debug|Any CPU
		{A6EF5C37-91CC-4A5D-B14F-12727E43A4AA}.Release|Any CPU.ActiveCfg = Release|Any CPU
		{A6EF5C37-91CC-4A5D-B14F-12727E43A4AA}.Release|Any CPU.Build.0 = Release|Any CPU
		{83FA3CAD-3673-44BE-A8E1-8C1A68907D17}.Debug|Any CPU.ActiveCfg = Debug|Any CPU
		{83FA3CAD-3673-44BE-A8E1-8C1A68907D17}.Debug|Any CPU.Build.0 = Debug|Any CPU
		{83FA3CAD-3673-44BE-A8E1-8C1A68907D17}.Release|Any CPU.ActiveCfg = Release|Any CPU
		{83FA3CAD-3673-44BE-A8E1-8C1A68907D17}.Release|Any CPU.Build.0 = Release|Any CPU
		{C94A3341-A157-46C0-A0F1-0B4E77E76627}.Debug|Any CPU.ActiveCfg = Debug|Any CPU
		{C94A3341-A157-46C0-A0F1-0B4E77E76627}.Debug|Any CPU.Build.0 = Debug|Any CPU
		{C94A3341-A157-46C0-A0F1-0B4E77E76627}.Release|Any CPU.ActiveCfg = Release|Any CPU
		{C94A3341-A157-46C0-A0F1-0B4E77E76627}.Release|Any CPU.Build.0 = Release|Any CPU
	EndGlobalSection
	GlobalSection(SolutionProperties) = preSolution
		HideSolutionNode = FALSE
	EndGlobalSection
	GlobalSection(ExtensibilityGlobals) = postSolution
		SolutionGuid = {930D3B06-68BE-4284-8D6E-165D219A9FDA}
	EndGlobalSection
EndGlobal
